
Microsoft Visual Studio Solution File, Format Version 12.00
Project("{FAE04EC0-301F-11D3-BF4B-00C04F79EFBC}") = "RealState.Test.Infrastructure", "RealState.Test.Infrastructure\RealState.Test.Infrastructure.csproj", "{35823DC7-3899-4AE4-A840-DF8A7B30EE57}"
EndProject
Project("{2150E333-8FDC-42A3-9474-1A3956D46DE8}") = "src", "src", "{63B0F9AE-8D74-416E-9282-7B1B1C4D21EA}"
EndProject
Project("{2150E333-8FDC-42A3-9474-1A3956D46DE8}") = "Solution Items", "Solution Items", "{FE8EAE87-DA7C-4746-80F3-3C2922DC3A5E}"
	ProjectSection(SolutionItems) = preProject
		Directory.Packages.props = Directory.Packages.props
	EndProjectSection
EndProject
Project("{FAE04EC0-301F-11D3-BF4B-00C04F79EFBC}") = "RealState.Test.Domain", "RealState.Test.Domain\RealState.Test.Domain.csproj", "{C422E714-1FC0-4A39-B82D-DEB5932297EB}"
EndProject
Project("{FAE04EC0-301F-11D3-BF4B-00C04F79EFBC}") = "RealState.Test.Application", "RealState.Test.Application\RealState.Test.Application.csproj", "{6B463216-9AEE-4A38-96CB-1CA3F4C60F54}"
EndProject
Project("{FAE04EC0-301F-11D3-BF4B-00C04F79EFBC}") = "RealState.Test.Api", "RealState.Test.Api\RealState.Test.Api.csproj", "{7DD04C47-9FB7-438E-B4F4-8A8DF059DC6C}"
EndProject
Project("{2150E333-8FDC-42A3-9474-1A3956D46DE8}") = "tests", "tests", "{0B619109-5174-4B5D-8B38-A92826F725A7}"
EndProject
Project("{FAE04EC0-301F-11D3-BF4B-00C04F79EFBC}") = "RealState.Test.Domain.UnitTests", "RealState.Test.Domain.UnitTests\RealState.Test.Domain.UnitTests.csproj", "{41C42BC8-3CFA-40AA-BA3B-21C19C5FE739}"
EndProject
Project("{FAE04EC0-301F-11D3-BF4B-00C04F79EFBC}") = "RealState.Test.Application.UnitTests", "RealState.Test.Application.UnitTests\RealState.Test.Application.UnitTests.csproj", "{D290B8C1-06E4-491E-8927-939338884F21}"
EndProject
Project("{FAE04EC0-301F-11D3-BF4B-00C04F79EFBC}") = "RealState.Test.Api.Tests", "RealState.Test.Api.Tests\RealState.Test.Api.Tests.csproj", "{41AEDCDF-435A-4D3D-BFDC-A0E051B3E23F}"
EndProject
Project("{FAE04EC0-301F-11D3-BF4B-00C04F79EFBC}") = "RealState.Test.Infrastructure.UnitTests", "RealState.Test.Infrastructure.UnitTests\RealState.Test.Infrastructure.UnitTests.csproj", "{6AB39A63-5193-47DA-9BA0-F42912A85DEA}"
EndProject
Project("{FAE04EC0-301F-11D3-BF4B-00C04F79EFBC}") = "RealState.Test.AppHost", "RealState.Test.AppHost\RealState.Test.AppHost.csproj", "{D88EECF9-A9F7-4A19-B5FB-88E132D1893F}"
EndProject
Project("{FAE04EC0-301F-11D3-BF4B-00C04F79EFBC}") = "RealState.Test.ServiceDefaults", "RealState.Test.ServiceDefaults\RealState.Test.ServiceDefaults.csproj", "{A4B213EB-D585-42A9-8574-5AE5E0016297}"
EndProject
Global
	GlobalSection(SolutionConfigurationPlatforms) = preSolution
		Debug|Any CPU = Debug|Any CPU
		Release|Any CPU = Release|Any CPU
	EndGlobalSection
	GlobalSection(ProjectConfigurationPlatforms) = postSolution
		{35823DC7-3899-4AE4-A840-DF8A7B30EE57}.Debug|Any CPU.ActiveCfg = Debug|Any CPU
		{35823DC7-3899-4AE4-A840-DF8A7B30EE57}.Debug|Any CPU.Build.0 = Debug|Any CPU
		{35823DC7-3899-4AE4-A840-DF8A7B30EE57}.Release|Any CPU.ActiveCfg = Release|Any CPU
		{35823DC7-3899-4AE4-A840-DF8A7B30EE57}.Release|Any CPU.Build.0 = Release|Any CPU
		{C422E714-1FC0-4A39-B82D-DEB5932297EB}.Debug|Any CPU.ActiveCfg = Debug|Any CPU
		{C422E714-1FC0-4A39-B82D-DEB5932297EB}.Debug|Any CPU.Build.0 = Debug|Any CPU
		{C422E714-1FC0-4A39-B82D-DEB5932297EB}.Release|Any CPU.ActiveCfg = Release|Any CPU
		{C422E714-1FC0-4A39-B82D-DEB5932297EB}.Release|Any CPU.Build.0 = Release|Any CPU
		{6B463216-9AEE-4A38-96CB-1CA3F4C60F54}.Debug|Any CPU.ActiveCfg = Debug|Any CPU
		{6B463216-9AEE-4A38-96CB-1CA3F4C60F54}.Debug|Any CPU.Build.0 = Debug|Any CPU
		{6B463216-9AEE-4A38-96CB-1CA3F4C60F54}.Release|Any CPU.ActiveCfg = Release|Any CPU
		{6B463216-9AEE-4A38-96CB-1CA3F4C60F54}.Release|Any CPU.Build.0 = Release|Any CPU
		{7DD04C47-9FB7-438E-B4F4-8A8DF059DC6C}.Debug|Any CPU.ActiveCfg = Debug|Any CPU
		{7DD04C47-9FB7-438E-B4F4-8A8DF059DC6C}.Debug|Any CPU.Build.0 = Debug|Any CPU
		{7DD04C47-9FB7-438E-B4F4-8A8DF059DC6C}.Release|Any CPU.ActiveCfg = Release|Any CPU
		{7DD04C47-9FB7-438E-B4F4-8A8DF059DC6C}.Release|Any CPU.Build.0 = Release|Any CPU
		{41C42BC8-3CFA-40AA-BA3B-21C19C5FE739}.Debug|Any CPU.ActiveCfg = Debug|Any CPU
		{41C42BC8-3CFA-40AA-BA3B-21C19C5FE739}.Debug|Any CPU.Build.0 = Debug|Any CPU
		{41C42BC8-3CFA-40AA-BA3B-21C19C5FE739}.Release|Any CPU.ActiveCfg = Release|Any CPU
		{41C42BC8-3CFA-40AA-BA3B-21C19C5FE739}.Release|Any CPU.Build.0 = Release|Any CPU
		{D290B8C1-06E4-491E-8927-939338884F21}.Debug|Any CPU.ActiveCfg = Debug|Any CPU
		{D290B8C1-06E4-491E-8927-939338884F21}.Debug|Any CPU.Build.0 = Debug|Any CPU
		{D290B8C1-06E4-491E-8927-939338884F21}.Release|Any CPU.ActiveCfg = Release|Any CPU
		{D290B8C1-06E4-491E-8927-939338884F21}.Release|Any CPU.Build.0 = Release|Any CPU
		{41AEDCDF-435A-4D3D-BFDC-A0E051B3E23F}.Debug|Any CPU.ActiveCfg = Debug|Any CPU
		{41AEDCDF-435A-4D3D-BFDC-A0E051B3E23F}.Debug|Any CPU.Build.0 = Debug|Any CPU
		{41AEDCDF-435A-4D3D-BFDC-A0E051B3E23F}.Release|Any CPU.ActiveCfg = Release|Any CPU
		{41AEDCDF-435A-4D3D-BFDC-A0E051B3E23F}.Release|Any CPU.Build.0 = Release|Any CPU
		{6AB39A63-5193-47DA-9BA0-F42912A85DEA}.Debug|Any CPU.ActiveCfg = Debug|Any CPU
		{6AB39A63-5193-47DA-9BA0-F42912A85DEA}.Debug|Any CPU.Build.0 = Debug|Any CPU
		{6AB39A63-5193-47DA-9BA0-F42912A85DEA}.Release|Any CPU.ActiveCfg = Release|Any CPU
		{6AB39A63-5193-47DA-9BA0-F42912A85DEA}.Release|Any CPU.Build.0 = Release|Any CPU
		{D88EECF9-A9F7-4A19-B5FB-88E132D1893F}.Debug|Any CPU.ActiveCfg = Debug|Any CPU
		{D88EECF9-A9F7-4A19-B5FB-88E132D1893F}.Debug|Any CPU.Build.0 = Debug|Any CPU
		{D88EECF9-A9F7-4A19-B5FB-88E132D1893F}.Release|Any CPU.ActiveCfg = Release|Any CPU
		{D88EECF9-A9F7-4A19-B5FB-88E132D1893F}.Release|Any CPU.Build.0 = Release|Any CPU
		{A4B213EB-D585-42A9-8574-5AE5E0016297}.Debug|Any CPU.ActiveCfg = Debug|Any CPU
		{A4B213EB-D585-42A9-8574-5AE5E0016297}.Debug|Any CPU.Build.0 = Debug|Any CPU
		{A4B213EB-D585-42A9-8574-5AE5E0016297}.Release|Any CPU.ActiveCfg = Release|Any CPU
		{A4B213EB-D585-42A9-8574-5AE5E0016297}.Release|Any CPU.Build.0 = Release|Any CPU
	EndGlobalSection
	GlobalSection(NestedProjects) = preSolution
		{35823DC7-3899-4AE4-A840-DF8A7B30EE57} = {63B0F9AE-8D74-416E-9282-7B1B1C4D21EA}
		{C422E714-1FC0-4A39-B82D-DEB5932297EB} = {63B0F9AE-8D74-416E-9282-7B1B1C4D21EA}
		{6B463216-9AEE-4A38-96CB-1CA3F4C60F54} = {63B0F9AE-8D74-416E-9282-7B1B1C4D21EA}
		{7DD04C47-9FB7-438E-B4F4-8A8DF059DC6C} = {63B0F9AE-8D74-416E-9282-7B1B1C4D21EA}
		{41C42BC8-3CFA-40AA-BA3B-21C19C5FE739} = {0B619109-5174-4B5D-8B38-A92826F725A7}
		{D290B8C1-06E4-491E-8927-939338884F21} = {0B619109-5174-4B5D-8B38-A92826F725A7}
		{41AEDCDF-435A-4D3D-BFDC-A0E051B3E23F} = {0B619109-5174-4B5D-8B38-A92826F725A7}
		{6AB39A63-5193-47DA-9BA0-F42912A85DEA} = {0B619109-5174-4B5D-8B38-A92826F725A7}
		{D88EECF9-A9F7-4A19-B5FB-88E132D1893F} = {63B0F9AE-8D74-416E-9282-7B1B1C4D21EA}
		{A4B213EB-D585-42A9-8574-5AE5E0016297} = {63B0F9AE-8D74-416E-9282-7B1B1C4D21EA}
	EndGlobalSection
EndGlobal
